<?xml version="1.0" encoding="UTF-8" standalone="yes" ?>
<CodeBlocks_project_file>
	<FileVersion major="1" minor="6" />
	<Project>
		<Option title="importFromFile_test" />
		<Option pch_mode="2" />
		<Option compiler="gcc" />
		<Build>
			<Target title="Release">
				<Option output="bin/Release/importFromFile_test" prefix_auto="1" extension_auto="1" />
				<Option object_output="obj/Release/" />
				<Option type="1" />
				<Option compiler="gcc" />
				<Compiler>
					<Add option="-O2" />
				</Compiler>
				<Linker>
					<Add option="-s" />
				</Linker>
			</Target>
		</Build>
		<Compiler>
			<Add option="-Wall" />
			<Add option="-fexceptions" />
			<Add directory="/usr/include/libxml2/" />
		</Compiler>
		<Linker>
			<Add library="xml2" />
		</Linker>
		<Unit filename="../../../code/FolderMap.cpp" />
		<Unit filename="../../../code/FolderMap.hpp" />
		<Unit filename="../../../code/MessageDatabase.cpp" />
		<Unit filename="../../../code/MessageDatabase.hpp" />
		<Unit filename="../../../code/MsgTemplate.cpp" />
		<Unit filename="../../../code/MsgTemplate.hpp" />
		<Unit filename="../../../code/PMSource.cpp" />
		<Unit filename="../../../code/PMSource.hpp" />
		<Unit filename="../../../code/PrivateMessage.cpp" />
		<Unit filename="../../../code/PrivateMessage.hpp" />
		<Unit filename="../../../code/SortType.cpp" />
		<Unit filename="../../../code/SortType.hpp" />
		<Unit filename="../../../code/XMLDocument.cpp" />
		<Unit filename="../../../code/XMLDocument.hpp" />
		<Unit filename="../../../code/XMLNode.cpp" />
		<Unit filename="../../../code/XMLNode.hpp" />
		<Unit filename="../../../libthoro/common/DirectoryFileList.cpp" />
		<Unit filename="../../../libthoro/common/DirectoryFileList.h" />
		<Unit filename="../../../libthoro/common/StringUtils.cpp" />
		<Unit filename="../../../libthoro/common/StringUtils.h" />
		<Unit filename="../../../libthoro/filesystem/DirectoryFunctions.cpp" />
		<Unit filename="../../../libthoro/filesystem/DirectoryFunctions.hpp" />
		<Unit filename="../../../libthoro/hash/sha-1-256_functions.h" />
		<Unit filename="../../../libthoro/hash/sha-256.cpp" />
		<Unit filename="../../../libthoro/hash/sha-256.h" />
		<Unit filename="../../../libthoro/hash/sha-256_functions.h" />
		<Unit filename="../../../libthoro/hash/sha-256_sources.cpp" />
		<Unit filename="../../../libthoro/hash/sha-256_sources.h" />
		<Unit filename="importFromFile_test.cpp" />
		<Extensions>
			<code_completion />
			<envvars />
			<debugger />
			<lib_finder disable_auto="1" />
		</Extensions>
	</Project>
</CodeBlocks_project_file>
