<?xml version="1.0" encoding="UTF-8" standalone="yes" ?>
<CodeBlocks_project_file>
	<FileVersion major="1" minor="6" />
	<Project>
		<Option title="pmdb" />
		<Option pch_mode="2" />
		<Option compiler="gcc" />
		<Build>
			<Target title="Debug">
				<Option output="bin/Debug/pmdb" prefix_auto="1" extension_auto="1" />
				<Option object_output="obj/Debug/" />
				<Option type="1" />
				<Option compiler="gcc" />
				<Compiler>
					<Add option="-g" />
					<Add option="-DDEBUG" />
				</Compiler>
				<Linker>
					<Add library="z" />
				</Linker>
			</Target>
			<Target title="Release">
				<Option output="bin/Release/pmdb" prefix_auto="1" extension_auto="1" />
				<Option object_output="obj/Release/" />
				<Option type="1" />
				<Option compiler="gcc" />
				<Compiler>
					<Add option="-O3" />
				</Compiler>
				<Linker>
					<Add option="-s" />
					<Add library="z" />
				</Linker>
			</Target>
			<Target title="Release_no-compression">
				<Option output="bin/Release-no-compression/pmdb" prefix_auto="1" extension_auto="1" />
				<Option object_output="obj/Release-no-compression/" />
				<Option type="1" />
				<Option compiler="gcc" />
				<Compiler>
					<Add option="-O3" />
					<Add option="-DNO_PM_COMPRESSION" />
				</Compiler>
				<Linker>
					<Add option="-s" />
				</Linker>
			</Target>
		</Build>
		<Compiler>
			<Add option="-Wshadow" />
			<Add option="-pedantic-errors" />
			<Add option="-pedantic" />
			<Add option="-Wextra" />
			<Add option="-Wall" />
			<Add option="-std=c++17" />
			<Add option="-Wpedantic" />
			<Add option="-fexceptions" />
			<Add directory="/usr/include/libxml2/" />
		</Compiler>
		<Linker>
			<Add library="xml2" />
		</Linker>
		<Unit filename="../libstriezel/common/BufferStream.hpp" />
		<Unit filename="../libstriezel/common/DirectoryFileList.cpp" />
		<Unit filename="../libstriezel/common/DirectoryFileList.h" />
		<Unit filename="../libstriezel/common/StringUtils.cpp" />
		<Unit filename="../libstriezel/common/StringUtils.h" />
		<Unit filename="../libstriezel/filesystem/directory.cpp" />
		<Unit filename="../libstriezel/filesystem/directory.hpp" />
		<Unit filename="../libstriezel/filesystem/file.cpp" />
		<Unit filename="../libstriezel/filesystem/file.hpp" />
		<Unit filename="../libstriezel/hash/sha-1-256_functions.hpp" />
		<Unit filename="../libstriezel/hash/sha256/BufferSource.cpp" />
		<Unit filename="../libstriezel/hash/sha256/BufferSource.hpp" />
		<Unit filename="../libstriezel/hash/sha256/BufferSourceUtility.cpp" />
		<Unit filename="../libstriezel/hash/sha256/BufferSourceUtility.hpp" />
		<Unit filename="../libstriezel/hash/sha256/MessageSource.cpp" />
		<Unit filename="../libstriezel/hash/sha256/MessageSource.hpp" />
		<Unit filename="../libstriezel/hash/sha256/functions.hpp" />
		<Unit filename="../libstriezel/hash/sha256/sha256.cpp" />
		<Unit filename="../libstriezel/hash/sha256/sha256.hpp" />
		<Unit filename="../libstriezel/zlib/CompressionFunctions.cpp">
			<Option target="Debug" />
			<Option target="Release" />
		</Unit>
		<Unit filename="../libstriezel/zlib/CompressionFunctions.hpp">
			<Option target="Debug" />
			<Option target="Release" />
		</Unit>
		<Unit filename="ColourMap.cpp" />
		<Unit filename="ColourMap.hpp" />
		<Unit filename="Compression.hpp" />
		<Unit filename="CompressionDetection.cpp" />
		<Unit filename="CompressionDetection.hpp" />
		<Unit filename="Config.cpp" />
		<Unit filename="Config.hpp" />
		<Unit filename="ConsoleColours.cpp" />
		<Unit filename="ConsoleColours.hpp" />
		<Unit filename="FolderMap.cpp" />
		<Unit filename="FolderMap.hpp" />
		<Unit filename="HTMLOptions.hpp" />
		<Unit filename="MessageDatabase.cpp" />
		<Unit filename="MessageDatabase.hpp" />
		<Unit filename="MsgTemplate.cpp" />
		<Unit filename="MsgTemplate.hpp" />
		<Unit filename="PMSource.cpp" />
		<Unit filename="PMSource.hpp" />
		<Unit filename="PrivateMessage.cpp" />
		<Unit filename="PrivateMessage.hpp" />
		<Unit filename="ReturnCodes.hpp" />
		<Unit filename="SortType.cpp" />
		<Unit filename="SortType.hpp" />
		<Unit filename="Version.cpp" />
		<Unit filename="Version.hpp" />
		<Unit filename="XMLDocument.cpp" />
		<Unit filename="XMLDocument.hpp" />
		<Unit filename="XMLNode.cpp" />
		<Unit filename="XMLNode.hpp" />
		<Unit filename="bbcode/AdvancedTemplateBBCode.cpp" />
		<Unit filename="bbcode/AdvancedTemplateBBCode.hpp" />
		<Unit filename="bbcode/AdvancedTplAmpTransformBBCode.hpp" />
		<Unit filename="bbcode/BBCode.hpp" />
		<Unit filename="bbcode/BBCodeParser.cpp" />
		<Unit filename="bbcode/BBCodeParser.hpp" />
		<Unit filename="bbcode/CustomizedSimpleBBCode.cpp" />
		<Unit filename="bbcode/CustomizedSimpleBBCode.hpp" />
		<Unit filename="bbcode/DefaultCodes.hpp" />
		<Unit filename="bbcode/HTMLStandard.hpp" />
		<Unit filename="bbcode/HorizontalRuleBBCode.cpp" />
		<Unit filename="bbcode/HorizontalRuleBBCode.hpp" />
		<Unit filename="bbcode/ListBBCode.cpp" />
		<Unit filename="bbcode/ListBBCode.hpp" />
		<Unit filename="bbcode/Notifier.hpp" />
		<Unit filename="bbcode/SimpleBBCode.cpp" />
		<Unit filename="bbcode/SimpleBBCode.hpp" />
		<Unit filename="bbcode/SimpleTemplateBBCode.cpp" />
		<Unit filename="bbcode/SimpleTemplateBBCode.hpp" />
		<Unit filename="bbcode/SimpleTplAmpTransformBBCode.hpp" />
		<Unit filename="bbcode/Smilie.cpp" />
		<Unit filename="bbcode/Smilie.hpp" />
		<Unit filename="bbcode/SpoilerBBCode.hpp" />
		<Unit filename="bbcode/TableBBCode.cpp" />
		<Unit filename="bbcode/TableBBCode.hpp" />
		<Unit filename="bbcode/TableClasses.cpp" />
		<Unit filename="bbcode/TableClasses.hpp" />
		<Unit filename="bbcode/TextProcessor.hpp" />
		<Unit filename="bbcode/quotes.cpp" />
		<Unit filename="bbcode/quotes.hpp" />
		<Unit filename="browser_detection.cpp" />
		<Unit filename="browser_detection.hpp" />
		<Unit filename="filters/Filter.hpp" />
		<Unit filename="filters/FilterUser.cpp" />
		<Unit filename="filters/FilterUser.hpp" />
		<Unit filename="functions.cpp" />
		<Unit filename="functions.hpp" />
		<Unit filename="html_generation.cpp" />
		<Unit filename="html_generation.hpp" />
		<Unit filename="main.cpp" />
		<Unit filename="paths.cpp" />
		<Unit filename="paths.hpp" />
		<Unit filename="templates/defaults.hpp" />
		<Unit filename="templates/functions.cpp" />
		<Unit filename="templates/functions.hpp" />
		<Extensions>
			<lib_finder disable_auto="1" />
		</Extensions>
	</Project>
</CodeBlocks_project_file>
