<?xml version="1.0" encoding="UTF-8" standalone="yes" ?>
<CodeBlocks_project_file>
	<FileVersion major="1" minor="6" />
	<Project>
		<Option title="pmdb" />
		<Option pch_mode="2" />
		<Option compiler="gcc" />
		<Build>
			<Target title="Debug">
				<Option output="bin/Debug/pmdb" prefix_auto="1" extension_auto="1" />
				<Option object_output="obj/Debug/" />
				<Option type="1" />
				<Option compiler="gcc" />
				<Compiler>
					<Add option="-g" />
					<Add option="-DDEBUG" />
				</Compiler>
			</Target>
			<Target title="Release">
				<Option output="bin/Release/pmdb" prefix_auto="1" extension_auto="1" />
				<Option object_output="obj/Release/" />
				<Option type="1" />
				<Option compiler="gcc" />
				<Compiler>
					<Add option="-O3" />
				</Compiler>
				<Linker>
					<Add option="-s" />
				</Linker>
			</Target>
		</Build>
		<Compiler>
			<Add option="-Wall" />
			<Add option="-fexceptions" />
			<Add directory="/usr/include/libxml2/" />
		</Compiler>
		<Linker>
			<Add library="xml2" />
		</Linker>
		<Unit filename="../libthoro/common/BufferStream.h" />
		<Unit filename="../libthoro/common/DirectoryFileList.cpp" />
		<Unit filename="../libthoro/common/DirectoryFileList.h" />
		<Unit filename="../libthoro/common/DirectoryFunctions.cpp" />
		<Unit filename="../libthoro/common/DirectoryFunctions.h" />
		<Unit filename="../libthoro/common/StringUtils.cpp" />
		<Unit filename="../libthoro/common/StringUtils.h" />
		<Unit filename="../libthoro/hashfunctions/sha-1-256_functions.h" />
		<Unit filename="../libthoro/hashfunctions/sha-256.cpp" />
		<Unit filename="../libthoro/hashfunctions/sha-256.h" />
		<Unit filename="../libthoro/hashfunctions/sha-256_functions.h" />
		<Unit filename="../libthoro/hashfunctions/sha-256_sources.cpp" />
		<Unit filename="../libthoro/hashfunctions/sha-256_sources.h" />
		<Unit filename="ColourMap.cpp" />
		<Unit filename="ColourMap.hpp" />
		<Unit filename="Config.cpp" />
		<Unit filename="Config.hpp" />
		<Unit filename="ConsoleColours.cpp" />
		<Unit filename="ConsoleColours.hpp" />
		<Unit filename="FolderMap.cpp" />
		<Unit filename="FolderMap.hpp" />
		<Unit filename="MessageDatabase.cpp" />
		<Unit filename="MessageDatabase.hpp" />
		<Unit filename="MsgTemplate.cpp" />
		<Unit filename="MsgTemplate.hpp" />
		<Unit filename="PMSource.cpp" />
		<Unit filename="PMSource.hpp" />
		<Unit filename="PrivateMessage.cpp" />
		<Unit filename="PrivateMessage.hpp" />
		<Unit filename="SortType.cpp" />
		<Unit filename="SortType.hpp" />
		<Unit filename="XMLDocument.cpp" />
		<Unit filename="XMLDocument.hpp" />
		<Unit filename="XMLNode.cpp" />
		<Unit filename="XMLNode.hpp" />
		<Unit filename="bbcode/AdvancedTemplateBBCode.cpp" />
		<Unit filename="bbcode/AdvancedTemplateBBCode.hpp" />
		<Unit filename="bbcode/AdvancedTplAmpTransformBBCode.hpp" />
		<Unit filename="bbcode/BBCode.hpp" />
		<Unit filename="bbcode/BBCodeParser.cpp" />
		<Unit filename="bbcode/BBCodeParser.hpp" />
		<Unit filename="bbcode/BBCode_Table.cpp" />
		<Unit filename="bbcode/BBCode_Table.hpp" />
		<Unit filename="bbcode/CustomizedSimpleBBCode.cpp" />
		<Unit filename="bbcode/CustomizedSimpleBBCode.hpp" />
		<Unit filename="bbcode/DefaultCodes.hpp" />
		<Unit filename="bbcode/HorizontalRuleBBCode.cpp" />
		<Unit filename="bbcode/HorizontalRuleBBCode.hpp" />
		<Unit filename="bbcode/ListBBCode.cpp" />
		<Unit filename="bbcode/ListBBCode.hpp" />
		<Unit filename="bbcode/Notifier.hpp" />
		<Unit filename="bbcode/SimpleBBCode.cpp" />
		<Unit filename="bbcode/SimpleBBCode.hpp" />
		<Unit filename="bbcode/SimpleTemplateBBCode.cpp" />
		<Unit filename="bbcode/SimpleTemplateBBCode.hpp" />
		<Unit filename="bbcode/SimpleTplAmpTransformBBCode.hpp" />
		<Unit filename="bbcode/Smilie.cpp" />
		<Unit filename="bbcode/Smilie.hpp" />
		<Unit filename="bbcode/TextProcessor.hpp" />
		<Unit filename="bbcode/quotes.cpp" />
		<Unit filename="bbcode/quotes.hpp" />
		<Unit filename="filters/Filter.hpp" />
		<Unit filename="filters/FilterUser.cpp" />
		<Unit filename="filters/FilterUser.hpp" />
		<Unit filename="main.cpp" />
		<Extensions>
			<code_completion />
			<envvars />
			<debugger />
			<lib_finder disable_auto="1" />
		</Extensions>
	</Project>
</CodeBlocks_project_file>
