<?xml version="1.0" encoding="UTF-8" standalone="yes" ?>
<CodeBlocks_project_file>
	<FileVersion major="1" minor="6" />
	<Project>
		<Option title="component_tests" />
		<Option pch_mode="2" />
		<Option compiler="gcc" />
		<Build>
			<Target title="Release">
				<Option output="bin/Release/component_tests" prefix_auto="1" extension_auto="1" />
				<Option object_output="obj/Release/" />
				<Option type="1" />
				<Option compiler="gcc" />
				<Compiler>
					<Add option="-O2" />
				</Compiler>
				<Linker>
					<Add option="-s" />
				</Linker>
			</Target>
		</Build>
		<Compiler>
			<Add option="-Wshadow" />
			<Add option="-pedantic-errors" />
			<Add option="-pedantic" />
			<Add option="-Wextra" />
			<Add option="-Wall" />
			<Add option="-std=c++17" />
			<Add option="-fexceptions" />
		</Compiler>
		<Linker>
			<Add library="z" />
		</Linker>
		<Unit filename="../../code/Config.cpp" />
		<Unit filename="../../code/Config.hpp" />
		<Unit filename="../../code/ConsoleColours.cpp" />
		<Unit filename="../../code/ConsoleColours.hpp" />
		<Unit filename="../../code/FolderMap.cpp" />
		<Unit filename="../../code/FolderMap.hpp" />
		<Unit filename="../../code/MsgTemplate.cpp" />
		<Unit filename="../../code/MsgTemplate.hpp" />
		<Unit filename="../../code/PMSource.cpp" />
		<Unit filename="../../code/PMSource.hpp" />
		<Unit filename="../../code/PrivateMessage.cpp" />
		<Unit filename="../../code/PrivateMessage.hpp" />
		<Unit filename="../../code/bbcode/AdvancedTemplateBBCode.cpp" />
		<Unit filename="../../code/bbcode/AdvancedTemplateBBCode.hpp" />
		<Unit filename="../../code/bbcode/AdvancedTplAmpTransformBBCode.hpp" />
		<Unit filename="../../code/bbcode/BBCode.hpp" />
		<Unit filename="../../code/bbcode/CustomizedSimpleBBCode.cpp" />
		<Unit filename="../../code/bbcode/CustomizedSimpleBBCode.hpp" />
		<Unit filename="../../code/bbcode/HorizontalRuleBBCode.cpp" />
		<Unit filename="../../code/bbcode/HorizontalRuleBBCode.hpp" />
		<Unit filename="../../code/bbcode/ListBBCode.cpp" />
		<Unit filename="../../code/bbcode/ListBBCode.hpp" />
		<Unit filename="../../code/bbcode/SimpleBBCode.cpp" />
		<Unit filename="../../code/bbcode/SimpleBBCode.hpp" />
		<Unit filename="../../code/bbcode/SimpleTemplateBBCode.cpp" />
		<Unit filename="../../code/bbcode/SimpleTemplateBBCode.hpp" />
		<Unit filename="../../code/bbcode/SimpleTplAmpTransformBBCode.hpp" />
		<Unit filename="../../code/bbcode/Smilie.cpp" />
		<Unit filename="../../code/bbcode/Smilie.hpp" />
		<Unit filename="../../code/bbcode/TableBBCode.cpp" />
		<Unit filename="../../code/bbcode/TableBBCode.hpp" />
		<Unit filename="../../code/bbcode/TableClasses.cpp" />
		<Unit filename="../../code/bbcode/TableClasses.hpp" />
		<Unit filename="../../code/filters/Filter.hpp" />
		<Unit filename="../../code/filters/FilterUser.cpp" />
		<Unit filename="../../code/filters/FilterUser.hpp" />
		<Unit filename="../../code/paths.cpp" />
		<Unit filename="../../code/paths.hpp" />
		<Unit filename="../../libstriezel/common/StringUtils.cpp" />
		<Unit filename="../../libstriezel/common/StringUtils.hpp" />
		<Unit filename="../../libstriezel/filesystem/directory.cpp" />
		<Unit filename="../../libstriezel/filesystem/directory.hpp" />
		<Unit filename="../../libstriezel/hash/sha256/MessageSource.cpp" />
		<Unit filename="../../libstriezel/hash/sha256/MessageSource.hpp" />
		<Unit filename="../../libstriezel/hash/sha256/sha256.cpp" />
		<Unit filename="../../libstriezel/hash/sha256/sha256.hpp" />
		<Unit filename="../../libstriezel/zlib/CompressionFunctions.cpp" />
		<Unit filename="../../libstriezel/zlib/CompressionFunctions.hpp" />
		<Unit filename="../locate_catch.hpp" />
		<Unit filename="Config.cpp" />
		<Unit filename="FolderMap.cpp" />
		<Unit filename="bbcode/AdvancedTemplateBBCode.cpp" />
		<Unit filename="bbcode/AdvancedTplAmpTransformBBCode.cpp" />
		<Unit filename="bbcode/CustomizedSimpleBBCode.cpp" />
		<Unit filename="bbcode/HorizontalRuleBBCode.cpp" />
		<Unit filename="bbcode/ListBBCode.cpp" />
		<Unit filename="bbcode/SimpleBBCode.cpp" />
		<Unit filename="bbcode/SimpleTemplateBBCode.cpp" />
		<Unit filename="bbcode/SimpleTplAmpTransformBBCode.cpp" />
		<Unit filename="bbcode/Smilie.cpp" />
		<Unit filename="bbcode/TableBBCode.cpp" />
		<Unit filename="filter/FilterUser.cpp" />
		<Unit filename="main.cpp" />
		<Unit filename="names_to_controlsequences.cpp" />
		<Unit filename="paths.cpp" />
		<Extensions>
			<lib_finder disable_auto="1" />
		</Extensions>
	</Project>
</CodeBlocks_project_file>
